{
  "name": "Discord-Bot",
  "lockfileVersion": 2,
  "requires": true,
  "packages": {
    "": {
      "dependencies": {
        "nltk": "^0.0.1",
        "numpy": "^0.0.1"
      }
    },
    "node_modules/nltk": {
      "version": "0.0.1",
      "resolved": "https://registry.npmjs.org/nltk/-/nltk-0.0.1.tgz",
      "integrity": "sha512-5zR84nCl53GN7qC9EGe69K+sU0ua15MG9Kb2DBc+UDWSYjhExY+9VWolmKlRysnjePc8C7r/Ot24WmcspDgebw=="
    },
    "node_modules/numpy": {
      "version": "0.0.1",
      "resolved": "https://registry.npmjs.org/numpy/-/numpy-0.0.1.tgz",
      "integrity": "sha512-HPoSFyRtH4dRUGjI6bzeVKgfOeNtIAWLvVWMqbaNGmWKE+npdnZ6L78TEJELgZBb+9XpL6r16vOz1jaQ7YVI7Q=="
    }
  },
  "dependencies": {
    "nltk": {
      "version": "0.0.1",
      "resolved": "https://registry.npmjs.org/nltk/-/nltk-0.0.1.tgz",
      "integrity": "sha512-5zR84nCl53GN7qC9EGe69K+sU0ua15MG9Kb2DBc+UDWSYjhExY+9VWolmKlRysnjePc8C7r/Ot24WmcspDgebw=="
    },
    "numpy": {
      "version": "0.0.1",
      "resolved": "https://registry.npmjs.org/numpy/-/numpy-0.0.1.tgz",
      "integrity": "sha512-HPoSFyRtH4dRUGjI6bzeVKgfOeNtIAWLvVWMqbaNGmWKE+npdnZ6L78TEJELgZBb+9XpL6r16vOz1jaQ7YVI7Q=="
    }
  }
}
